
Microsoft Visual Studio Solution File, Format Version 12.00
# Visual Studio Version 17
VisualStudioVersion = 17.0.31903.59
MinimumVisualStudioVersion = 10.0.40219.1
Project("{2150E333-8FDC-42A3-9474-1A3956D46DE8}") = "src", "src", "{827E0CD3-B72D-47B6-A68D-7590B98EB39B}"
EndProject
Project("{FAE04EC0-301F-11D3-BF4B-00C04F79EFBC}") = "AiMarketingAgency.Domain", "src\AiMarketingAgency.Domain\AiMarketingAgency.Domain.csproj", "{3088F75E-AE53-44A0-95CA-63163A57D96C}"
EndProject
Project("{FAE04EC0-301F-11D3-BF4B-00C04F79EFBC}") = "AiMarketingAgency.Application", "src\AiMarketingAgency.Application\AiMarketingAgency.Application.csproj", "{F6DBED0D-B272-4CCB-AF3C-9212E6490646}"
EndProject
Project("{FAE04EC0-301F-11D3-BF4B-00C04F79EFBC}") = "AiMarketingAgency.Infrastructure", "src\AiMarketingAgency.Infrastructure\AiMarketingAgency.Infrastructure.csproj", "{894BE190-3310-4311-87BD-F6B28178C572}"
EndProject
Project("{FAE04EC0-301F-11D3-BF4B-00C04F79EFBC}") = "AiMarketingAgency.Api", "src\AiMarketingAgency.Api\AiMarketingAgency.Api.csproj", "{B35560A5-537C-4297-BFF5-D5DF23C3185B}"
EndProject
Project("{FAE04EC0-301F-11D3-BF4B-00C04F79EFBC}") = "AiMarketingAgency.Worker", "src\AiMarketingAgency.Worker\AiMarketingAgency.Worker.csproj", "{696A5C7B-5CCF-4E4C-820A-65F4A86F3DC8}"
EndProject
Project("{2150E333-8FDC-42A3-9474-1A3956D46DE8}") = "tests", "tests", "{0AB3BF05-4346-4AA6-1389-037BE0695223}"
EndProject
Project("{FAE04EC0-301F-11D3-BF4B-00C04F79EFBC}") = "AiMarketingAgency.Domain.Tests", "tests\AiMarketingAgency.Domain.Tests\AiMarketingAgency.Domain.Tests.csproj", "{3ACC89A2-E592-4A9D-8CEC-833655EDC5BB}"
EndProject
Project("{FAE04EC0-301F-11D3-BF4B-00C04F79EFBC}") = "AiMarketingAgency.Application.Tests", "tests\AiMarketingAgency.Application.Tests\AiMarketingAgency.Application.Tests.csproj", "{B6134762-1BE8-4192-A449-E2FAB77563F3}"
EndProject
Project("{FAE04EC0-301F-11D3-BF4B-00C04F79EFBC}") = "AiMarketingAgency.Api.Tests", "tests\AiMarketingAgency.Api.Tests\AiMarketingAgency.Api.Tests.csproj", "{9AD0B45F-B0C6-4251-ABB0-52FE77ECC378}"
EndProject
Global
	GlobalSection(SolutionConfigurationPlatforms) = preSolution
		Debug|Any CPU = Debug|Any CPU
		Debug|x64 = Debug|x64
		Debug|x86 = Debug|x86
		Release|Any CPU = Release|Any CPU
		Release|x64 = Release|x64
		Release|x86 = Release|x86
	EndGlobalSection
	GlobalSection(ProjectConfigurationPlatforms) = postSolution
		{3088F75E-AE53-44A0-95CA-63163A57D96C}.Debug|Any CPU.ActiveCfg = Debug|Any CPU
		{3088F75E-AE53-44A0-95CA-63163A57D96C}.Debug|Any CPU.Build.0 = Debug|Any CPU
		{3088F75E-AE53-44A0-95CA-63163A57D96C}.Debug|x64.ActiveCfg = Debug|Any CPU
		{3088F75E-AE53-44A0-95CA-63163A57D96C}.Debug|x64.Build.0 = Debug|Any CPU
		{3088F75E-AE53-44A0-95CA-63163A57D96C}.Debug|x86.ActiveCfg = Debug|Any CPU
		{3088F75E-AE53-44A0-95CA-63163A57D96C}.Debug|x86.Build.0 = Debug|Any CPU
		{3088F75E-AE53-44A0-95CA-63163A57D96C}.Release|Any CPU.ActiveCfg = Release|Any CPU
		{3088F75E-AE53-44A0-95CA-63163A57D96C}.Release|Any CPU.Build.0 = Release|Any CPU
		{3088F75E-AE53-44A0-95CA-63163A57D96C}.Release|x64.ActiveCfg = Release|Any CPU
		{3088F75E-AE53-44A0-95CA-63163A57D96C}.Release|x64.Build.0 = Release|Any CPU
		{3088F75E-AE53-44A0-95CA-63163A57D96C}.Release|x86.ActiveCfg = Release|Any CPU
		{3088F75E-AE53-44A0-95CA-63163A57D96C}.Release|x86.Build.0 = Release|Any CPU
		{F6DBED0D-B272-4CCB-AF3C-9212E6490646}.Debug|Any CPU.ActiveCfg = Debug|Any CPU
		{F6DBED0D-B272-4CCB-AF3C-9212E6490646}.Debug|Any CPU.Build.0 = Debug|Any CPU
		{F6DBED0D-B272-4CCB-AF3C-9212E6490646}.Debug|x64.ActiveCfg = Debug|Any CPU
		{F6DBED0D-B272-4CCB-AF3C-9212E6490646}.Debug|x64.Build.0 = Debug|Any CPU
		{F6DBED0D-B272-4CCB-AF3C-9212E6490646}.Debug|x86.ActiveCfg = Debug|Any CPU
		{F6DBED0D-B272-4CCB-AF3C-9212E6490646}.Debug|x86.Build.0 = Debug|Any CPU
		{F6DBED0D-B272-4CCB-AF3C-9212E6490646}.Release|Any CPU.ActiveCfg = Release|Any CPU
		{F6DBED0D-B272-4CCB-AF3C-9212E6490646}.Release|Any CPU.Build.0 = Release|Any CPU
		{F6DBED0D-B272-4CCB-AF3C-9212E6490646}.Release|x64.ActiveCfg = Release|Any CPU
		{F6DBED0D-B272-4CCB-AF3C-9212E6490646}.Release|x64.Build.0 = Release|Any CPU
		{F6DBED0D-B272-4CCB-AF3C-9212E6490646}.Release|x86.ActiveCfg = Release|Any CPU
		{F6DBED0D-B272-4CCB-AF3C-9212E6490646}.Release|x86.Build.0 = Release|Any CPU
		{894BE190-3310-4311-87BD-F6B28178C572}.Debug|Any CPU.ActiveCfg = Debug|Any CPU
		{894BE190-3310-4311-87BD-F6B28178C572}.Debug|Any CPU.Build.0 = Debug|Any CPU
		{894BE190-3310-4311-87BD-F6B28178C572}.Debug|x64.ActiveCfg = Debug|Any CPU
		{894BE190-3310-4311-87BD-F6B28178C572}.Debug|x64.Build.0 = Debug|Any CPU
		{894BE190-3310-4311-87BD-F6B28178C572}.Debug|x86.ActiveCfg = Debug|Any CPU
		{894BE190-3310-4311-87BD-F6B28178C572}.Debug|x86.Build.0 = Debug|Any CPU
		{894BE190-3310-4311-87BD-F6B28178C572}.Release|Any CPU.ActiveCfg = Release|Any CPU
		{894BE190-3310-4311-87BD-F6B28178C572}.Release|Any CPU.Build.0 = Release|Any CPU
		{894BE190-3310-4311-87BD-F6B28178C572}.Release|x64.ActiveCfg = Release|Any CPU
		{894BE190-3310-4311-87BD-F6B28178C572}.Release|x64.Build.0 = Release|Any CPU
		{894BE190-3310-4311-87BD-F6B28178C572}.Release|x86.ActiveCfg = Release|Any CPU
		{894BE190-3310-4311-87BD-F6B28178C572}.Release|x86.Build.0 = Release|Any CPU
		{B35560A5-537C-4297-BFF5-D5DF23C3185B}.Debug|Any CPU.ActiveCfg = Debug|Any CPU
		{B35560A5-537C-4297-BFF5-D5DF23C3185B}.Debug|Any CPU.Build.0 = Debug|Any CPU
		{B35560A5-537C-4297-BFF5-D5DF23C3185B}.Debug|x64.ActiveCfg = Debug|Any CPU
		{B35560A5-537C-4297-BFF5-D5DF23C3185B}.Debug|x64.Build.0 = Debug|Any CPU
		{B35560A5-537C-4297-BFF5-D5DF23C3185B}.Debug|x86.ActiveCfg = Debug|Any CPU
		{B35560A5-537C-4297-BFF5-D5DF23C3185B}.Debug|x86.Build.0 = Debug|Any CPU
		{B35560A5-537C-4297-BFF5-D5DF23C3185B}.Release|Any CPU.ActiveCfg = Release|Any CPU
		{B35560A5-537C-4297-BFF5-D5DF23C3185B}.Release|Any CPU.Build.0 = Release|Any CPU
		{B35560A5-537C-4297-BFF5-D5DF23C3185B}.Release|x64.ActiveCfg = Release|Any CPU
		{B35560A5-537C-4297-BFF5-D5DF23C3185B}.Release|x64.Build.0 = Release|Any CPU
		{B35560A5-537C-4297-BFF5-D5DF23C3185B}.Release|x86.ActiveCfg = Release|Any CPU
		{B35560A5-537C-4297-BFF5-D5DF23C3185B}.Release|x86.Build.0 = Release|Any CPU
		{696A5C7B-5CCF-4E4C-820A-65F4A86F3DC8}.Debug|Any CPU.ActiveCfg = Debug|Any CPU
		{696A5C7B-5CCF-4E4C-820A-65F4A86F3DC8}.Debug|Any CPU.Build.0 = Debug|Any CPU
		{696A5C7B-5CCF-4E4C-820A-65F4A86F3DC8}.Debug|x64.ActiveCfg = Debug|Any CPU
		{696A5C7B-5CCF-4E4C-820A-65F4A86F3DC8}.Debug|x64.Build.0 = Debug|Any CPU
		{696A5C7B-5CCF-4E4C-820A-65F4A86F3DC8}.Debug|x86.ActiveCfg = Debug|Any CPU
		{696A5C7B-5CCF-4E4C-820A-65F4A86F3DC8}.Debug|x86.Build.0 = Debug|Any CPU
		{696A5C7B-5CCF-4E4C-820A-65F4A86F3DC8}.Release|Any CPU.ActiveCfg = Release|Any CPU
		{696A5C7B-5CCF-4E4C-820A-65F4A86F3DC8}.Release|Any CPU.Build.0 = Release|Any CPU
		{696A5C7B-5CCF-4E4C-820A-65F4A86F3DC8}.Release|x64.ActiveCfg = Release|Any CPU
		{696A5C7B-5CCF-4E4C-820A-65F4A86F3DC8}.Release|x64.Build.0 = Release|Any CPU
		{696A5C7B-5CCF-4E4C-820A-65F4A86F3DC8}.Release|x86.ActiveCfg = Release|Any CPU
		{696A5C7B-5CCF-4E4C-820A-65F4A86F3DC8}.Release|x86.Build.0 = Release|Any CPU
		{3ACC89A2-E592-4A9D-8CEC-833655EDC5BB}.Debug|Any CPU.ActiveCfg = Debug|Any CPU
		{3ACC89A2-E592-4A9D-8CEC-833655EDC5BB}.Debug|Any CPU.Build.0 = Debug|Any CPU
		{3ACC89A2-E592-4A9D-8CEC-833655EDC5BB}.Debug|x64.ActiveCfg = Debug|Any CPU
		{3ACC89A2-E592-4A9D-8CEC-833655EDC5BB}.Debug|x64.Build.0 = Debug|Any CPU
		{3ACC89A2-E592-4A9D-8CEC-833655EDC5BB}.Debug|x86.ActiveCfg = Debug|Any CPU
		{3ACC89A2-E592-4A9D-8CEC-833655EDC5BB}.Debug|x86.Build.0 = Debug|Any CPU
		{3ACC89A2-E592-4A9D-8CEC-833655EDC5BB}.Release|Any CPU.ActiveCfg = Release|Any CPU
		{3ACC89A2-E592-4A9D-8CEC-833655EDC5BB}.Release|Any CPU.Build.0 = Release|Any CPU
		{3ACC89A2-E592-4A9D-8CEC-833655EDC5BB}.Release|x64.ActiveCfg = Release|Any CPU
		{3ACC89A2-E592-4A9D-8CEC-833655EDC5BB}.Release|x64.Build.0 = Release|Any CPU
		{3ACC89A2-E592-4A9D-8CEC-833655EDC5BB}.Release|x86.ActiveCfg = Release|Any CPU
		{3ACC89A2-E592-4A9D-8CEC-833655EDC5BB}.Release|x86.Build.0 = Release|Any CPU
		{B6134762-1BE8-4192-A449-E2FAB77563F3}.Debug|Any CPU.ActiveCfg = Debug|Any CPU
		{B6134762-1BE8-4192-A449-E2FAB77563F3}.Debug|Any CPU.Build.0 = Debug|Any CPU
		{B6134762-1BE8-4192-A449-E2FAB77563F3}.Debug|x64.ActiveCfg = Debug|Any CPU
		{B6134762-1BE8-4192-A449-E2FAB77563F3}.Debug|x64.Build.0 = Debug|Any CPU
		{B6134762-1BE8-4192-A449-E2FAB77563F3}.Debug|x86.ActiveCfg = Debug|Any CPU
		{B6134762-1BE8-4192-A449-E2FAB77563F3}.Debug|x86.Build.0 = Debug|Any CPU
		{B6134762-1BE8-4192-A449-E2FAB77563F3}.Release|Any CPU.ActiveCfg = Release|Any CPU
		{B6134762-1BE8-4192-A449-E2FAB77563F3}.Release|Any CPU.Build.0 = Release|Any CPU
		{B6134762-1BE8-4192-A449-E2FAB77563F3}.Release|x64.ActiveCfg = Release|Any CPU
		{B6134762-1BE8-4192-A449-E2FAB77563F3}.Release|x64.Build.0 = Release|Any CPU
		{B6134762-1BE8-4192-A449-E2FAB77563F3}.Release|x86.ActiveCfg = Release|Any CPU
		{B6134762-1BE8-4192-A449-E2FAB77563F3}.Release|x86.Build.0 = Release|Any CPU
		{9AD0B45F-B0C6-4251-ABB0-52FE77ECC378}.Debug|Any CPU.ActiveCfg = Debug|Any CPU
		{9AD0B45F-B0C6-4251-ABB0-52FE77ECC378}.Debug|Any CPU.Build.0 = Debug|Any CPU
		{9AD0B45F-B0C6-4251-ABB0-52FE77ECC378}.Debug|x64.ActiveCfg = Debug|Any CPU
		{9AD0B45F-B0C6-4251-ABB0-52FE77ECC378}.Debug|x64.Build.0 = Debug|Any CPU
		{9AD0B45F-B0C6-4251-ABB0-52FE77ECC378}.Debug|x86.ActiveCfg = Debug|Any CPU
		{9AD0B45F-B0C6-4251-ABB0-52FE77ECC378}.Debug|x86.Build.0 = Debug|Any CPU
		{9AD0B45F-B0C6-4251-ABB0-52FE77ECC378}.Release|Any CPU.ActiveCfg = Release|Any CPU
		{9AD0B45F-B0C6-4251-ABB0-52FE77ECC378}.Release|Any CPU.Build.0 = Release|Any CPU
		{9AD0B45F-B0C6-4251-ABB0-52FE77ECC378}.Release|x64.ActiveCfg = Release|Any CPU
		{9AD0B45F-B0C6-4251-ABB0-52FE77ECC378}.Release|x64.Build.0 = Release|Any CPU
		{9AD0B45F-B0C6-4251-ABB0-52FE77ECC378}.Release|x86.ActiveCfg = Release|Any CPU
		{9AD0B45F-B0C6-4251-ABB0-52FE77ECC378}.Release|x86.Build.0 = Release|Any CPU
	EndGlobalSection
	GlobalSection(SolutionProperties) = preSolution
		HideSolutionNode = FALSE
	EndGlobalSection
	GlobalSection(NestedProjects) = preSolution
		{3088F75E-AE53-44A0-95CA-63163A57D96C} = {827E0CD3-B72D-47B6-A68D-7590B98EB39B}
		{F6DBED0D-B272-4CCB-AF3C-9212E6490646} = {827E0CD3-B72D-47B6-A68D-7590B98EB39B}
		{894BE190-3310-4311-87BD-F6B28178C572} = {827E0CD3-B72D-47B6-A68D-7590B98EB39B}
		{B35560A5-537C-4297-BFF5-D5DF23C3185B} = {827E0CD3-B72D-47B6-A68D-7590B98EB39B}
		{696A5C7B-5CCF-4E4C-820A-65F4A86F3DC8} = {827E0CD3-B72D-47B6-A68D-7590B98EB39B}
		{3ACC89A2-E592-4A9D-8CEC-833655EDC5BB} = {0AB3BF05-4346-4AA6-1389-037BE0695223}
		{B6134762-1BE8-4192-A449-E2FAB77563F3} = {0AB3BF05-4346-4AA6-1389-037BE0695223}
		{9AD0B45F-B0C6-4251-ABB0-52FE77ECC378} = {0AB3BF05-4346-4AA6-1389-037BE0695223}
	EndGlobalSection
EndGlobal
